// !$*UTF8*$!
{
	archiveVersion = 1;
	classes = {
	};
	objectVersion = 52;
	objects = {

/* Begin PBXAggregateTarget section */
		"authsdk::AuthSDKPackageTests::ProductTarget" /* AuthSDKPackageTests */ = {
			isa = PBXAggregateTarget;
			buildConfigurationList = OBJ_62 /* Build configuration list for PBXAggregateTarget "AuthSDKPackageTests" */;
			buildPhases = (
			);
			dependencies = (
				OBJ_65 /* PBXTargetDependency */,
			);
			name = AuthSDKPackageTests;
			productName = AuthSDKPackageTests;
		};
/* End PBXAggregateTarget section */

/* Begin PBXBuildFile section */
		B85A77D427FB21DC00E4C6E8 /* FirebaseAnalytics in Frameworks */ = {isa = PBXBuildFile; productRef = B85A77D327FB21DC00E4C6E8 /* FirebaseAnalytics */; };
		B85A77D627FB21DC00E4C6E8 /* FirebaseAuth in Frameworks */ = {isa = PBXBuildFile; productRef = B85A77D527FB21DC00E4C6E8 /* FirebaseAuth */; };
		B85A77D827FB21DC00E4C6E8 /* FirebaseCrashlytics in Frameworks */ = {isa = PBXBuildFile; productRef = B85A77D727FB21DC00E4C6E8 /* FirebaseCrashlytics */; };
		B85A77DA27FB21DC00E4C6E8 /* FirebaseDatabase in Frameworks */ = {isa = PBXBuildFile; productRef = B85A77D927FB21DC00E4C6E8 /* FirebaseDatabase */; };
		B85A77DD27FB220600E4C6E8 /* GoogleSignIn in Frameworks */ = {isa = PBXBuildFile; productRef = B85A77DC27FB220600E4C6E8 /* GoogleSignIn */; };
		D085D815282E67E400FB2260 /* AppleSignInButton.swift in Sources */ = {isa = PBXBuildFile; fileRef = D085D814282E67E400FB2260 /* AppleSignInButton.swift */; };
		D085D818282E698100FB2260 /* AppleAuthService.swift in Sources */ = {isa = PBXBuildFile; fileRef = D085D817282E698100FB2260 /* AppleAuthService.swift */; };
		OBJ_46 /* GoogleSignInButton.swift in Sources */ = {isa = PBXBuildFile; fileRef = OBJ_13 /* GoogleSignInButton.swift */; };
		OBJ_47 /* AuthSDKImpl.swift in Sources */ = {isa = PBXBuildFile; fileRef = OBJ_15 /* AuthSDKImpl.swift */; };
		OBJ_48 /* AuthProvider.swift in Sources */ = {isa = PBXBuildFile; fileRef = OBJ_21 /* AuthProvider.swift */; };
		OBJ_49 /* AuthState.swift in Sources */ = {isa = PBXBuildFile; fileRef = OBJ_22 /* AuthState.swift */; };
		OBJ_50 /* User.swift in Sources */ = {isa = PBXBuildFile; fileRef = OBJ_24 /* User.swift */; };
		OBJ_51 /* GoogleAuthService.swift in Sources */ = {isa = PBXBuildFile; fileRef = OBJ_27 /* GoogleAuthService.swift */; };
		OBJ_52 /* AuthSDKError.swift in Sources */ = {isa = PBXBuildFile; fileRef = OBJ_29 /* AuthSDKError.swift */; };
		OBJ_53 /* AuthSDK.swift in Sources */ = {isa = PBXBuildFile; fileRef = OBJ_31 /* AuthSDK.swift */; };
		OBJ_60 /* Package.swift in Sources */ = {isa = PBXBuildFile; fileRef = OBJ_6 /* Package.swift */; };
		OBJ_71 /* AuthSDKTests.swift in Sources */ = {isa = PBXBuildFile; fileRef = OBJ_34 /* AuthSDKTests.swift */; };
		OBJ_73 /* AuthSDK.framework in Frameworks */ = {isa = PBXBuildFile; fileRef = "authsdk::AuthSDK::Product" /* AuthSDK.framework */; };
/* End PBXBuildFile section */

/* Begin PBXContainerItemProxy section */
		B85A77D027FB210700E4C6E8 /* PBXContainerItemProxy */ = {
			isa = PBXContainerItemProxy;
			containerPortal = OBJ_1 /* Project object */;
			proxyType = 1;
			remoteGlobalIDString = "authsdk::AuthSDK";
			remoteInfo = AuthSDK;
		};
		B85A77D127FB210700E4C6E8 /* PBXContainerItemProxy */ = {
			isa = PBXContainerItemProxy;
			containerPortal = OBJ_1 /* Project object */;
			proxyType = 1;
			remoteGlobalIDString = "authsdk::AuthSDKTests";
			remoteInfo = AuthSDKTests;
		};
/* End PBXContainerItemProxy section */

/* Begin PBXFileReference section */
		D085D814282E67E400FB2260 /* AppleSignInButton.swift */ = {isa = PBXFileReference; lastKnownFileType = sourcecode.swift; path = AppleSignInButton.swift; sourceTree = "<group>"; };
		D085D817282E698100FB2260 /* AppleAuthService.swift */ = {isa = PBXFileReference; lastKnownFileType = sourcecode.swift; path = AppleAuthService.swift; sourceTree = "<group>"; };
		OBJ_13 /* GoogleSignInButton.swift */ = {isa = PBXFileReference; lastKnownFileType = sourcecode.swift; path = GoogleSignInButton.swift; sourceTree = "<group>"; };
		OBJ_15 /* AuthSDKImpl.swift */ = {isa = PBXFileReference; lastKnownFileType = sourcecode.swift; path = AuthSDKImpl.swift; sourceTree = "<group>"; };
		OBJ_21 /* AuthProvider.swift */ = {isa = PBXFileReference; lastKnownFileType = sourcecode.swift; path = AuthProvider.swift; sourceTree = "<group>"; };
		OBJ_22 /* AuthState.swift */ = {isa = PBXFileReference; lastKnownFileType = sourcecode.swift; path = AuthState.swift; sourceTree = "<group>"; };
		OBJ_24 /* User.swift */ = {isa = PBXFileReference; lastKnownFileType = sourcecode.swift; path = User.swift; sourceTree = "<group>"; };
		OBJ_27 /* GoogleAuthService.swift */ = {isa = PBXFileReference; lastKnownFileType = sourcecode.swift; path = GoogleAuthService.swift; sourceTree = "<group>"; };
		OBJ_29 /* AuthSDKError.swift */ = {isa = PBXFileReference; lastKnownFileType = sourcecode.swift; path = AuthSDKError.swift; sourceTree = "<group>"; };
		OBJ_31 /* AuthSDK.swift */ = {isa = PBXFileReference; lastKnownFileType = sourcecode.swift; path = AuthSDK.swift; sourceTree = "<group>"; };
		OBJ_34 /* AuthSDKTests.swift */ = {isa = PBXFileReference; lastKnownFileType = sourcecode.swift; path = AuthSDKTests.swift; sourceTree = "<group>"; };
		OBJ_38 /* LICENSE */ = {isa = PBXFileReference; lastKnownFileType = text; path = LICENSE; sourceTree = "<group>"; };
		OBJ_39 /* README.md */ = {isa = PBXFileReference; lastKnownFileType = net.daringfireball.markdown; path = README.md; sourceTree = "<group>"; };
		OBJ_40 /* AuthSDK.podspec */ = {isa = PBXFileReference; lastKnownFileType = text; path = AuthSDK.podspec; sourceTree = "<group>"; };
		OBJ_6 /* Package.swift */ = {isa = PBXFileReference; explicitFileType = sourcecode.swift; path = Package.swift; sourceTree = "<group>"; };
		OBJ_9 /* AuthSDK.h */ = {isa = PBXFileReference; lastKnownFileType = sourcecode.c.h; path = AuthSDK.h; sourceTree = "<group>"; };
		"authsdk::AuthSDK::Product" /* AuthSDK.framework */ = {isa = PBXFileReference; explicitFileType = wrapper.framework; path = AuthSDK.framework; sourceTree = BUILT_PRODUCTS_DIR; };
		"authsdk::AuthSDKTests::Product" /* AuthSDKTests.xctest */ = {isa = PBXFileReference; lastKnownFileType = file; path = AuthSDKTests.xctest; sourceTree = BUILT_PRODUCTS_DIR; };
/* End PBXFileReference section */

/* Begin PBXFrameworksBuildPhase section */
		OBJ_54 /* Frameworks */ = {
			isa = PBXFrameworksBuildPhase;
			buildActionMask = 0;
			files = (
				B85A77DD27FB220600E4C6E8 /* GoogleSignIn in Frameworks */,
				B85A77D827FB21DC00E4C6E8 /* FirebaseCrashlytics in Frameworks */,
				B85A77D427FB21DC00E4C6E8 /* FirebaseAnalytics in Frameworks */,
				B85A77DA27FB21DC00E4C6E8 /* FirebaseDatabase in Frameworks */,
				B85A77D627FB21DC00E4C6E8 /* FirebaseAuth in Frameworks */,
			);
			runOnlyForDeploymentPostprocessing = 0;
		};
		OBJ_72 /* Frameworks */ = {
			isa = PBXFrameworksBuildPhase;
			buildActionMask = 0;
			files = (
				OBJ_73 /* AuthSDK.framework in Frameworks */,
			);
			runOnlyForDeploymentPostprocessing = 0;
		};
/* End PBXFrameworksBuildPhase section */

/* Begin PBXGroup section */
		D085D813282E67CC00FB2260 /* apple */ = {
			isa = PBXGroup;
			children = (
				D085D814282E67E400FB2260 /* AppleSignInButton.swift */,
			);
			path = apple;
			sourceTree = "<group>";
		};
		D085D816282E696800FB2260 /* apple */ = {
			isa = PBXGroup;
			children = (
				D085D817282E698100FB2260 /* AppleAuthService.swift */,
			);
			path = apple;
			sourceTree = "<group>";
		};
		OBJ_10 /* iOS */ = {
			isa = PBXGroup;
			children = (
				OBJ_11 /* definitions */,
				OBJ_14 /* sdk */,
			);
			path = iOS;
			sourceTree = "<group>";
		};
		OBJ_11 /* definitions */ = {
			isa = PBXGroup;
			children = (
				D085D813282E67CC00FB2260 /* apple */,
				OBJ_12 /* google */,
			);
			path = definitions;
			sourceTree = "<group>";
		};
		OBJ_12 /* google */ = {
			isa = PBXGroup;
			children = (
				OBJ_13 /* GoogleSignInButton.swift */,
			);
			path = google;
			sourceTree = "<group>";
		};
		OBJ_14 /* sdk */ = {
			isa = PBXGroup;
			children = (
				OBJ_15 /* AuthSDKImpl.swift */,
			);
			path = sdk;
			sourceTree = "<group>";
		};
		OBJ_16 /* sdk */ = {
			isa = PBXGroup;
			children = (
				OBJ_17 /* Sources */,
			);
			path = sdk;
			sourceTree = "<group>";
		};
		OBJ_17 /* Sources */ = {
			isa = PBXGroup;
			children = (
				OBJ_18 /* definition */,
				OBJ_28 /* sdk */,
			);
			path = Sources;
			sourceTree = "<group>";
		};
		OBJ_18 /* definition */ = {
			isa = PBXGroup;
			children = (
				OBJ_19 /* objects */,
				OBJ_25 /* service */,
			);
			path = definition;
			sourceTree = "<group>";
		};
		OBJ_19 /* objects */ = {
			isa = PBXGroup;
			children = (
				OBJ_20 /* enums */,
				OBJ_23 /* models */,
			);
			path = objects;
			sourceTree = "<group>";
		};
		OBJ_20 /* enums */ = {
			isa = PBXGroup;
			children = (
				OBJ_21 /* AuthProvider.swift */,
				OBJ_22 /* AuthState.swift */,
			);
			path = enums;
			sourceTree = "<group>";
		};
		OBJ_23 /* models */ = {
			isa = PBXGroup;
			children = (
				OBJ_24 /* User.swift */,
			);
			path = models;
			sourceTree = "<group>";
		};
		OBJ_25 /* service */ = {
			isa = PBXGroup;
			children = (
				D085D816282E696800FB2260 /* apple */,
				OBJ_26 /* google */,
			);
			path = service;
			sourceTree = "<group>";
		};
		OBJ_26 /* google */ = {
			isa = PBXGroup;
			children = (
				OBJ_27 /* GoogleAuthService.swift */,
			);
			path = google;
			sourceTree = "<group>";
		};
		OBJ_28 /* sdk */ = {
			isa = PBXGroup;
			children = (
				OBJ_29 /* AuthSDKError.swift */,
				OBJ_30 /* protocols */,
			);
			path = sdk;
			sourceTree = "<group>";
		};
		OBJ_30 /* protocols */ = {
			isa = PBXGroup;
			children = (
				OBJ_31 /* AuthSDK.swift */,
			);
			path = protocols;
			sourceTree = "<group>";
		};
		OBJ_32 /* Tests */ = {
			isa = PBXGroup;
			children = (
				OBJ_33 /* AuthSDKTests */,
			);
			name = Tests;
			sourceTree = SOURCE_ROOT;
		};
		OBJ_33 /* AuthSDKTests */ = {
			isa = PBXGroup;
			children = (
				OBJ_34 /* AuthSDKTests.swift */,
			);
			name = AuthSDKTests;
			path = Tests/AuthSDKTests;
			sourceTree = SOURCE_ROOT;
		};
		OBJ_35 /* Products */ = {
			isa = PBXGroup;
			children = (
				"authsdk::AuthSDK::Product" /* AuthSDK.framework */,
				"authsdk::AuthSDKTests::Product" /* AuthSDKTests.xctest */,
			);
			name = Products;
			sourceTree = BUILT_PRODUCTS_DIR;
		};
		OBJ_5 = {
			isa = PBXGroup;
			children = (
				OBJ_6 /* Package.swift */,
				OBJ_7 /* Sources */,
				OBJ_32 /* Tests */,
				OBJ_35 /* Products */,
				OBJ_38 /* LICENSE */,
				OBJ_39 /* README.md */,
				OBJ_40 /* AuthSDK.podspec */,
			);
			sourceTree = "<group>";
		};
		OBJ_7 /* Sources */ = {
			isa = PBXGroup;
			children = (
				OBJ_8 /* AuthSDK */,
			);
			name = Sources;
			sourceTree = SOURCE_ROOT;
		};
		OBJ_8 /* AuthSDK */ = {
			isa = PBXGroup;
			children = (
				OBJ_9 /* AuthSDK.h */,
				OBJ_10 /* iOS */,
				OBJ_16 /* sdk */,
			);
			name = AuthSDK;
			path = Sources/AuthSDK;
			sourceTree = SOURCE_ROOT;
		};
/* End PBXGroup section */

/* Begin PBXNativeTarget section */
		"authsdk::AuthSDK" /* AuthSDK */ = {
			isa = PBXNativeTarget;
			buildConfigurationList = OBJ_42 /* Build configuration list for PBXNativeTarget "AuthSDK" */;
			buildPhases = (
				OBJ_45 /* Sources */,
				OBJ_54 /* Frameworks */,
			);
			buildRules = (
			);
			dependencies = (
			);
			name = AuthSDK;
			packageProductDependencies = (
				B85A77D327FB21DC00E4C6E8 /* FirebaseAnalytics */,
				B85A77D527FB21DC00E4C6E8 /* FirebaseAuth */,
				B85A77D727FB21DC00E4C6E8 /* FirebaseCrashlytics */,
				B85A77D927FB21DC00E4C6E8 /* FirebaseDatabase */,
				B85A77DC27FB220600E4C6E8 /* GoogleSignIn */,
			);
			productName = AuthSDK;
			productReference = "authsdk::AuthSDK::Product" /* AuthSDK.framework */;
			productType = "com.apple.product-type.framework";
		};
		"authsdk::AuthSDKTests" /* AuthSDKTests */ = {
			isa = PBXNativeTarget;
			buildConfigurationList = OBJ_67 /* Build configuration list for PBXNativeTarget "AuthSDKTests" */;
			buildPhases = (
				OBJ_70 /* Sources */,
				OBJ_72 /* Frameworks */,
			);
			buildRules = (
			);
			dependencies = (
				OBJ_74 /* PBXTargetDependency */,
			);
			name = AuthSDKTests;
			productName = AuthSDKTests;
			productReference = "authsdk::AuthSDKTests::Product" /* AuthSDKTests.xctest */;
			productType = "com.apple.product-type.bundle.unit-test";
		};
		"authsdk::SwiftPMPackageDescription" /* AuthSDKPackageDescription */ = {
			isa = PBXNativeTarget;
			buildConfigurationList = OBJ_56 /* Build configuration list for PBXNativeTarget "AuthSDKPackageDescription" */;
			buildPhases = (
				OBJ_59 /* Sources */,
			);
			buildRules = (
			);
			dependencies = (
			);
			name = AuthSDKPackageDescription;
			productName = AuthSDKPackageDescription;
			productType = "com.apple.product-type.framework";
		};
/* End PBXNativeTarget section */

/* Begin PBXProject section */
		OBJ_1 /* Project object */ = {
			isa = PBXProject;
			attributes = {
				LastSwiftMigration = 9999;
				LastUpgradeCheck = 9999;
			};
			buildConfigurationList = OBJ_2 /* Build configuration list for PBXProject "AuthSDK" */;
			compatibilityVersion = "Xcode 3.2";
			developmentRegion = en;
			hasScannedForEncodings = 0;
			knownRegions = (
				en,
			);
			mainGroup = OBJ_5;
			packageReferences = (
				B85A77D227FB21DC00E4C6E8 /* XCRemoteSwiftPackageReference "firebase-ios-sdk" */,
				B85A77DB27FB220600E4C6E8 /* XCRemoteSwiftPackageReference "GoogleSignIn-iOS" */,
			);
			productRefGroup = OBJ_35 /* Products */;
			projectDirPath = "";
			projectRoot = "";
			targets = (
				"authsdk::AuthSDK" /* AuthSDK */,
				"authsdk::SwiftPMPackageDescription" /* AuthSDKPackageDescription */,
				"authsdk::AuthSDKPackageTests::ProductTarget" /* AuthSDKPackageTests */,
				"authsdk::AuthSDKTests" /* AuthSDKTests */,
			);
		};
/* End PBXProject section */

/* Begin PBXSourcesBuildPhase section */
		OBJ_45 /* Sources */ = {
			isa = PBXSourcesBuildPhase;
			buildActionMask = 0;
			files = (
				OBJ_46 /* GoogleSignInButton.swift in Sources */,
				OBJ_47 /* AuthSDKImpl.swift in Sources */,
				OBJ_48 /* AuthProvider.swift in Sources */,
				OBJ_49 /* AuthState.swift in Sources */,
				D085D815282E67E400FB2260 /* AppleSignInButton.swift in Sources */,
				OBJ_50 /* User.swift in Sources */,
				OBJ_51 /* GoogleAuthService.swift in Sources */,
				OBJ_52 /* AuthSDKError.swift in Sources */,
				D085D818282E698100FB2260 /* AppleAuthService.swift in Sources */,
				OBJ_53 /* AuthSDK.swift in Sources */,
			);
			runOnlyForDeploymentPostprocessing = 0;
		};
		OBJ_59 /* Sources */ = {
			isa = PBXSourcesBuildPhase;
			buildActionMask = 0;
			files = (
				OBJ_60 /* Package.swift in Sources */,
			);
			runOnlyForDeploymentPostprocessing = 0;
		};
		OBJ_70 /* Sources */ = {
			isa = PBXSourcesBuildPhase;
			buildActionMask = 0;
			files = (
				OBJ_71 /* AuthSDKTests.swift in Sources */,
			);
			runOnlyForDeploymentPostprocessing = 0;
		};
/* End PBXSourcesBuildPhase section */

/* Begin PBXTargetDependency section */
		OBJ_65 /* PBXTargetDependency */ = {
			isa = PBXTargetDependency;
			target = "authsdk::AuthSDKTests" /* AuthSDKTests */;
			targetProxy = B85A77D127FB210700E4C6E8 /* PBXContainerItemProxy */;
		};
		OBJ_74 /* PBXTargetDependency */ = {
			isa = PBXTargetDependency;
			target = "authsdk::AuthSDK" /* AuthSDK */;
			targetProxy = B85A77D027FB210700E4C6E8 /* PBXContainerItemProxy */;
		};
/* End PBXTargetDependency section */

/* Begin XCBuildConfiguration section */
		OBJ_3 /* Debug */ = {
			isa = XCBuildConfiguration;
			buildSettings = {
				CLANG_ENABLE_OBJC_ARC = YES;
				COMBINE_HIDPI_IMAGES = YES;
				COPY_PHASE_STRIP = NO;
				DEBUG_INFORMATION_FORMAT = dwarf;
				DYLIB_INSTALL_NAME_BASE = "@rpath";
				ENABLE_NS_ASSERTIONS = YES;
				GCC_OPTIMIZATION_LEVEL = 0;
				GCC_PREPROCESSOR_DEFINITIONS = (
					"$(inherited)",
					"SWIFT_PACKAGE=1",
					"DEBUG=1",
				);
				MACOSX_DEPLOYMENT_TARGET = 10.12;
				ONLY_ACTIVE_ARCH = YES;
				OTHER_SWIFT_FLAGS = "$(inherited) -DXcode";
				PRODUCT_NAME = "$(TARGET_NAME)";
				SDKROOT = iphoneos;
				SUPPORTED_PLATFORMS = "$(AVAILABLE_PLATFORMS)";
				SUPPORTS_MACCATALYST = YES;
				SWIFT_ACTIVE_COMPILATION_CONDITIONS = "$(inherited) SWIFT_PACKAGE DEBUG";
				SWIFT_OPTIMIZATION_LEVEL = "-Onone";
				USE_HEADERMAP = NO;
			};
			name = Debug;
		};
		OBJ_4 /* Release */ = {
			isa = XCBuildConfiguration;
			buildSettings = {
				CLANG_ENABLE_OBJC_ARC = YES;
				COMBINE_HIDPI_IMAGES = YES;
				COPY_PHASE_STRIP = YES;
				DEBUG_INFORMATION_FORMAT = "dwarf-with-dsym";
				DYLIB_INSTALL_NAME_BASE = "@rpath";
				GCC_OPTIMIZATION_LEVEL = s;
				GCC_PREPROCESSOR_DEFINITIONS = (
					"$(inherited)",
					"SWIFT_PACKAGE=1",
				);
				MACOSX_DEPLOYMENT_TARGET = 10.12;
				OTHER_SWIFT_FLAGS = "$(inherited) -DXcode";
				PRODUCT_NAME = "$(TARGET_NAME)";
				SDKROOT = iphoneos;
				SUPPORTED_PLATFORMS = "$(AVAILABLE_PLATFORMS)";
				SUPPORTS_MACCATALYST = YES;
				SWIFT_ACTIVE_COMPILATION_CONDITIONS = "$(inherited) SWIFT_PACKAGE";
				SWIFT_COMPILATION_MODE = wholemodule;
				SWIFT_OPTIMIZATION_LEVEL = "-O";
				USE_HEADERMAP = NO;
			};
			name = Release;
		};
		OBJ_43 /* Debug */ = {
			isa = XCBuildConfiguration;
			buildSettings = {
				CURRENT_PROJECT_VERSION = 1;
				DRIVERKIT_DEPLOYMENT_TARGET = 19.0;
				ENABLE_TESTABILITY = YES;
				FRAMEWORK_SEARCH_PATHS = (
					"$(inherited)",
					"$(PLATFORM_DIR)/Developer/Library/Frameworks",
				);
				HEADER_SEARCH_PATHS = "$(inherited)";
				INFOPLIST_FILE = AuthSDK.xcodeproj/AuthSDK_Info.plist;
				IPHONEOS_DEPLOYMENT_TARGET = 13.0;
				LD_RUNPATH_SEARCH_PATHS = (
					"$(inherited)",
					"$(TOOLCHAIN_DIR)/usr/lib/swift/macosx",
				);
				MACOSX_DEPLOYMENT_TARGET = 10.10;
				OTHER_CFLAGS = "$(inherited)";
				OTHER_LDFLAGS = "$(inherited)";
				OTHER_SWIFT_FLAGS = "$(inherited)";
				PRODUCT_BUNDLE_IDENTIFIER = AuthSDK;
				PRODUCT_MODULE_NAME = "$(TARGET_NAME:c99extidentifier)";
				PRODUCT_NAME = "$(TARGET_NAME:c99extidentifier)";
				SKIP_INSTALL = YES;
				SUPPORTS_MACCATALYST = NO;
				SUPPORTS_MAC_DESIGNED_FOR_IPHONE_IPAD = NO;
				SWIFT_ACTIVE_COMPILATION_CONDITIONS = "$(inherited)";
				SWIFT_VERSION = 5.0;
				TARGETED_DEVICE_FAMILY = "1,2";
				TARGET_NAME = AuthSDK;
				TVOS_DEPLOYMENT_TARGET = 9.0;
				WATCHOS_DEPLOYMENT_TARGET = 2.0;
			};
			name = Debug;
		};
		OBJ_44 /* Release */ = {
			isa = XCBuildConfiguration;
			buildSettings = {
				CURRENT_PROJECT_VERSION = 1;
				DRIVERKIT_DEPLOYMENT_TARGET = 19.0;
				ENABLE_TESTABILITY = YES;
				FRAMEWORK_SEARCH_PATHS = (
					"$(inherited)",
					"$(PLATFORM_DIR)/Developer/Library/Frameworks",
				);
				HEADER_SEARCH_PATHS = "$(inherited)";
				INFOPLIST_FILE = AuthSDK.xcodeproj/AuthSDK_Info.plist;
				IPHONEOS_DEPLOYMENT_TARGET = 13.0;
				LD_RUNPATH_SEARCH_PATHS = (
					"$(inherited)",
					"$(TOOLCHAIN_DIR)/usr/lib/swift/macosx",
				);
				MACOSX_DEPLOYMENT_TARGET = 10.10;
				OTHER_CFLAGS = "$(inherited)";
				OTHER_LDFLAGS = "$(inherited)";
				OTHER_SWIFT_FLAGS = "$(inherited)";
				PRODUCT_BUNDLE_IDENTIFIER = AuthSDK;
				PRODUCT_MODULE_NAME = "$(TARGET_NAME:c99extidentifier)";
				PRODUCT_NAME = "$(TARGET_NAME:c99extidentifier)";
				SKIP_INSTALL = YES;
				SUPPORTS_MACCATALYST = NO;
				SUPPORTS_MAC_DESIGNED_FOR_IPHONE_IPAD = NO;
				SWIFT_ACTIVE_COMPILATION_CONDITIONS = "$(inherited)";
				SWIFT_VERSION = 5.0;
				TARGETED_DEVICE_FAMILY = "1,2";
				TARGET_NAME = AuthSDK;
				TVOS_DEPLOYMENT_TARGET = 9.0;
				WATCHOS_DEPLOYMENT_TARGET = 2.0;
			};
			name = Release;
		};
		OBJ_57 /* Debug */ = {
			isa = XCBuildConfiguration;
			buildSettings = {
				LD = /usr/bin/true;
				OTHER_SWIFT_FLAGS = "-swift-version 5 -I $(TOOLCHAIN_DIR)/usr/lib/swift/pm/ManifestAPI -sdk /Applications/Xcode.app/Contents/Developer/Platforms/MacOSX.platform/Developer/SDKs/MacOSX12.3.sdk -package-description-version 5.6.0";
				SWIFT_VERSION = 5.0;
			};
			name = Debug;
		};
		OBJ_58 /* Release */ = {
			isa = XCBuildConfiguration;
			buildSettings = {
				LD = /usr/bin/true;
				OTHER_SWIFT_FLAGS = "-swift-version 5 -I $(TOOLCHAIN_DIR)/usr/lib/swift/pm/ManifestAPI -sdk /Applications/Xcode.app/Contents/Developer/Platforms/MacOSX.platform/Developer/SDKs/MacOSX12.3.sdk -package-description-version 5.6.0";
				SWIFT_VERSION = 5.0;
			};
			name = Release;
		};
		OBJ_63 /* Debug */ = {
			isa = XCBuildConfiguration;
			buildSettings = {
			};
			name = Debug;
		};
		OBJ_64 /* Release */ = {
			isa = XCBuildConfiguration;
			buildSettings = {
			};
			name = Release;
		};
		OBJ_68 /* Debug */ = {
			isa = XCBuildConfiguration;
			buildSettings = {
				CLANG_ENABLE_MODULES = YES;
				CURRENT_PROJECT_VERSION = 1;
				DRIVERKIT_DEPLOYMENT_TARGET = 19.0;
				EMBEDDED_CONTENT_CONTAINS_SWIFT = YES;
				FRAMEWORK_SEARCH_PATHS = (
					"$(inherited)",
					"$(PLATFORM_DIR)/Developer/Library/Frameworks",
				);
				HEADER_SEARCH_PATHS = "$(inherited)";
				INFOPLIST_FILE = AuthSDK.xcodeproj/AuthSDKTests_Info.plist;
				IPHONEOS_DEPLOYMENT_TARGET = 14.0;
				LD_RUNPATH_SEARCH_PATHS = (
					"$(inherited)",
					"@loader_path/../Frameworks",
					"@loader_path/Frameworks",
				);
				MACOSX_DEPLOYMENT_TARGET = 11.0;
				OTHER_CFLAGS = "$(inherited)";
				OTHER_LDFLAGS = "$(inherited)";
				OTHER_SWIFT_FLAGS = "$(inherited)";
				SWIFT_ACTIVE_COMPILATION_CONDITIONS = "$(inherited)";
				SWIFT_VERSION = 5.0;
				TARGET_NAME = AuthSDKTests;
				TVOS_DEPLOYMENT_TARGET = 14.0;
				WATCHOS_DEPLOYMENT_TARGET = 7.0;
			};
			name = Debug;
		};
		OBJ_69 /* Release */ = {
			isa = XCBuildConfiguration;
			buildSettings = {
				CLANG_ENABLE_MODULES = YES;
				CURRENT_PROJECT_VERSION = 1;
				DRIVERKIT_DEPLOYMENT_TARGET = 19.0;
				EMBEDDED_CONTENT_CONTAINS_SWIFT = YES;
				FRAMEWORK_SEARCH_PATHS = (
					"$(inherited)",
					"$(PLATFORM_DIR)/Developer/Library/Frameworks",
				);
				HEADER_SEARCH_PATHS = "$(inherited)";
				INFOPLIST_FILE = AuthSDK.xcodeproj/AuthSDKTests_Info.plist;
				IPHONEOS_DEPLOYMENT_TARGET = 14.0;
				LD_RUNPATH_SEARCH_PATHS = (
					"$(inherited)",
					"@loader_path/../Frameworks",
					"@loader_path/Frameworks",
				);
				MACOSX_DEPLOYMENT_TARGET = 11.0;
				OTHER_CFLAGS = "$(inherited)";
				OTHER_LDFLAGS = "$(inherited)";
				OTHER_SWIFT_FLAGS = "$(inherited)";
				SWIFT_ACTIVE_COMPILATION_CONDITIONS = "$(inherited)";
				SWIFT_VERSION = 5.0;
				TARGET_NAME = AuthSDKTests;
				TVOS_DEPLOYMENT_TARGET = 14.0;
				WATCHOS_DEPLOYMENT_TARGET = 7.0;
			};
			name = Release;
		};
/* End XCBuildConfiguration section */

/* Begin XCConfigurationList section */
		OBJ_2 /* Build configuration list for PBXProject "AuthSDK" */ = {
			isa = XCConfigurationList;
			buildConfigurations = (
				OBJ_3 /* Debug */,
				OBJ_4 /* Release */,
			);
			defaultConfigurationIsVisible = 0;
			defaultConfigurationName = Release;
		};
		OBJ_42 /* Build configuration list for PBXNativeTarget "AuthSDK" */ = {
			isa = XCConfigurationList;
			buildConfigurations = (
				OBJ_43 /* Debug */,
				OBJ_44 /* Release */,
			);
			defaultConfigurationIsVisible = 0;
			defaultConfigurationName = Release;
		};
		OBJ_56 /* Build configuration list for PBXNativeTarget "AuthSDKPackageDescription" */ = {
			isa = XCConfigurationList;
			buildConfigurations = (
				OBJ_57 /* Debug */,
				OBJ_58 /* Release */,
			);
			defaultConfigurationIsVisible = 0;
			defaultConfigurationName = Release;
		};
		OBJ_62 /* Build configuration list for PBXAggregateTarget "AuthSDKPackageTests" */ = {
			isa = XCConfigurationList;
			buildConfigurations = (
				OBJ_63 /* Debug */,
				OBJ_64 /* Release */,
			);
			defaultConfigurationIsVisible = 0;
			defaultConfigurationName = Release;
		};
		OBJ_67 /* Build configuration list for PBXNativeTarget "AuthSDKTests" */ = {
			isa = XCConfigurationList;
			buildConfigurations = (
				OBJ_68 /* Debug */,
				OBJ_69 /* Release */,
			);
			defaultConfigurationIsVisible = 0;
			defaultConfigurationName = Release;
		};
/* End XCConfigurationList section */

/* Begin XCRemoteSwiftPackageReference section */
		B85A77D227FB21DC00E4C6E8 /* XCRemoteSwiftPackageReference "firebase-ios-sdk" */ = {
			isa = XCRemoteSwiftPackageReference;
			repositoryURL = "https://github.com/firebase/firebase-ios-sdk.git";
			requirement = {
				kind = upToNextMajorVersion;
				minimumVersion = 8.0.0;
			};
		};
		B85A77DB27FB220600E4C6E8 /* XCRemoteSwiftPackageReference "GoogleSignIn-iOS" */ = {
			isa = XCRemoteSwiftPackageReference;
			repositoryURL = "https://github.com/google/GoogleSignIn-iOS";
			requirement = {
				kind = upToNextMajorVersion;
				minimumVersion = 6.0.0;
			};
		};
/* End XCRemoteSwiftPackageReference section */

/* Begin XCSwiftPackageProductDependency section */
		B85A77D327FB21DC00E4C6E8 /* FirebaseAnalytics */ = {
			isa = XCSwiftPackageProductDependency;
			package = B85A77D227FB21DC00E4C6E8 /* XCRemoteSwiftPackageReference "firebase-ios-sdk" */;
			productName = FirebaseAnalytics;
		};
		B85A77D527FB21DC00E4C6E8 /* FirebaseAuth */ = {
			isa = XCSwiftPackageProductDependency;
			package = B85A77D227FB21DC00E4C6E8 /* XCRemoteSwiftPackageReference "firebase-ios-sdk" */;
			productName = FirebaseAuth;
		};
		B85A77D727FB21DC00E4C6E8 /* FirebaseCrashlytics */ = {
			isa = XCSwiftPackageProductDependency;
			package = B85A77D227FB21DC00E4C6E8 /* XCRemoteSwiftPackageReference "firebase-ios-sdk" */;
			productName = FirebaseCrashlytics;
		};
		B85A77D927FB21DC00E4C6E8 /* FirebaseDatabase */ = {
			isa = XCSwiftPackageProductDependency;
			package = B85A77D227FB21DC00E4C6E8 /* XCRemoteSwiftPackageReference "firebase-ios-sdk" */;
			productName = FirebaseDatabase;
		};
		B85A77DC27FB220600E4C6E8 /* GoogleSignIn */ = {
			isa = XCSwiftPackageProductDependency;
			package = B85A77DB27FB220600E4C6E8 /* XCRemoteSwiftPackageReference "GoogleSignIn-iOS" */;
			productName = GoogleSignIn;
		};
/* End XCSwiftPackageProductDependency section */
	};
	rootObject = OBJ_1 /* Project object */;
}
